
Microsoft Visual Studio Solution File, Format Version 12.00
# Visual Studio Version 17
VisualStudioVersion = 17.3.32929.385
MinimumVisualStudioVersion = 10.0.40219.1
Project("{FAE04EC0-301F-11D3-BF4B-00C04F79EFBC}") = "projectx", "projectx\projectx.csproj", "{392B55B7-1ACE-4BB7-B8DF-2B677B0F4C09}"
EndProject
Global
	GlobalSection(SolutionConfigurationPlatforms) = preSolution
		Debug|Any CPU = Debug|Any CPU
		Release|Any CPU = Release|Any CPU
	EndGlobalSection
	GlobalSection(ProjectConfigurationPlatforms) = postSolution
		{392B55B7-1ACE-4BB7-B8DF-2B677B0F4C09}.Debug|Any CPU.ActiveCfg = Debug|Any CPU
		{392B55B7-1ACE-4BB7-B8DF-2B677B0F4C09}.Debug|Any CPU.Build.0 = Debug|Any CPU
		{392B55B7-1ACE-4BB7-B8DF-2B677B0F4C09}.Release|Any CPU.ActiveCfg = Release|Any CPU
		{392B55B7-1ACE-4BB7-B8DF-2B677B0F4C09}.Release|Any CPU.Build.0 = Release|Any CPU
	EndGlobalSection
	GlobalSection(SolutionProperties) = preSolution
		HideSolutionNode = FALSE
	EndGlobalSection
	GlobalSection(ExtensibilityGlobals) = postSolution
		SolutionGuid = {0EEB2F7C-C966-42EA-A255-CBCA3535FD1F}
	EndGlobalSection
EndGlobal
